
Microsoft Visual Studio Solution File, Format Version 12.00
# Visual Studio Version 17
VisualStudioVersion = 17.1.32210.238
MinimumVisualStudioVersion = 10.0.40219.1
Project("{FAE04EC0-301F-11D3-BF4B-00C04F79EFBC}") = "flipCoin", "flipCoin.csproj", "{1DAFE507-F1E6-4679-A7CA-44BF1AE00262}"
EndProject
Global
	GlobalSection(SolutionConfigurationPlatforms) = preSolution
		Debug|Any CPU = Debug|Any CPU
		Release|Any CPU = Release|Any CPU
	EndGlobalSection
	GlobalSection(ProjectConfigurationPlatforms) = postSolution
		{1DAFE507-F1E6-4679-A7CA-44BF1AE00262}.Debug|Any CPU.ActiveCfg = Debug|Any CPU
		{1DAFE507-F1E6-4679-A7CA-44BF1AE00262}.Debug|Any CPU.Build.0 = Debug|Any CPU
		{1DAFE507-F1E6-4679-A7CA-44BF1AE00262}.Release|Any CPU.ActiveCfg = Release|Any CPU
		{1DAFE507-F1E6-4679-A7CA-44BF1AE00262}.Release|Any CPU.Build.0 = Release|Any CPU
	EndGlobalSection
	GlobalSection(SolutionProperties) = preSolution
		HideSolutionNode = FALSE
	EndGlobalSection
	GlobalSection(ExtensibilityGlobals) = postSolution
		SolutionGuid = {73AD1BFA-A98D-44FA-904D-7B01F7B530A3}
	EndGlobalSection
EndGlobal
